
Microsoft Visual Studio Solution File, Format Version 12.00
# Visual Studio Version 17
VisualStudioVersion = 17.5.33424.131
MinimumVisualStudioVersion = 10.0.40219.1
Project("{2150E333-8FDC-42A3-9474-1A3956D46DE8}") = "src", "src", "{3EA2F8A2-E58B-4E33-96CF-DB826BAA8C0C}"
EndProject
Project("{2150E333-8FDC-42A3-9474-1A3956D46DE8}") = "tests", "tests", "{1F3A97D3-24C0-4869-8282-7864AF868E26}"
EndProject
Project("{9A19103F-16F7-4668-BE54-9A1E7A4F7556}") = "FC.Codeflix.Catalog.UnitTests", "tests\FC.Codeflix.Catalogo.UnitTests\FC.Codeflix.Catalog.UnitTests.csproj", "{61BDFD30-C02B-47F5-9E5B-6E1410547664}"
EndProject
Project("{9A19103F-16F7-4668-BE54-9A1E7A4F7556}") = "FC.Codeflix.Catalog.Domain", "src\FC.Codeflix.Catalog.Domain\FC.Codeflix.Catalog.Domain.csproj", "{D1DD913D-DFDF-41B9-A2E8-9B7160E1CD34}"
EndProject
Project("{2150E333-8FDC-42A3-9474-1A3956D46DE8}") = "Itens de Solução", "Itens de Solução", "{F4DBF761-CB64-45FD-B9C4-C54E9CF7A5F3}"
	ProjectSection(SolutionItems) = preProject
		.gitignore = .gitignore
	EndProjectSection
EndProject
Global
	GlobalSection(SolutionConfigurationPlatforms) = preSolution
		Debug|Any CPU = Debug|Any CPU
		Release|Any CPU = Release|Any CPU
	EndGlobalSection
	GlobalSection(ProjectConfigurationPlatforms) = postSolution
		{61BDFD30-C02B-47F5-9E5B-6E1410547664}.Debug|Any CPU.ActiveCfg = Debug|Any CPU
		{61BDFD30-C02B-47F5-9E5B-6E1410547664}.Debug|Any CPU.Build.0 = Debug|Any CPU
		{61BDFD30-C02B-47F5-9E5B-6E1410547664}.Release|Any CPU.ActiveCfg = Release|Any CPU
		{61BDFD30-C02B-47F5-9E5B-6E1410547664}.Release|Any CPU.Build.0 = Release|Any CPU
		{D1DD913D-DFDF-41B9-A2E8-9B7160E1CD34}.Debug|Any CPU.ActiveCfg = Debug|Any CPU
		{D1DD913D-DFDF-41B9-A2E8-9B7160E1CD34}.Debug|Any CPU.Build.0 = Debug|Any CPU
		{D1DD913D-DFDF-41B9-A2E8-9B7160E1CD34}.Release|Any CPU.ActiveCfg = Release|Any CPU
		{D1DD913D-DFDF-41B9-A2E8-9B7160E1CD34}.Release|Any CPU.Build.0 = Release|Any CPU
	EndGlobalSection
	GlobalSection(SolutionProperties) = preSolution
		HideSolutionNode = FALSE
	EndGlobalSection
	GlobalSection(NestedProjects) = preSolution
		{61BDFD30-C02B-47F5-9E5B-6E1410547664} = {1F3A97D3-24C0-4869-8282-7864AF868E26}
		{D1DD913D-DFDF-41B9-A2E8-9B7160E1CD34} = {3EA2F8A2-E58B-4E33-96CF-DB826BAA8C0C}
	EndGlobalSection
	GlobalSection(ExtensibilityGlobals) = postSolution
		SolutionGuid = {F8CDBC75-74DC-416B-96E9-70099584B136}
	EndGlobalSection
EndGlobal
